
Microsoft Visual Studio Solution File, Format Version 12.00
# Visual Studio Version 16
VisualStudioVersion = 16.0.32602.291
MinimumVisualStudioVersion = 10.0.40219.1
Project("{888888A0-9F3D-457C-B088-3A5042F75D52}") = "SOFIA", "SOFIA.pyproj", "{98B41F71-B6D2-4620-AE3A-C55FBA096D9B}"
EndProject
Global
	GlobalSection(SolutionConfigurationPlatforms) = preSolution
		Debug|Any CPU = Debug|Any CPU
		Release|Any CPU = Release|Any CPU
	EndGlobalSection
	GlobalSection(ProjectConfigurationPlatforms) = postSolution
		{98B41F71-B6D2-4620-AE3A-C55FBA096D9B}.Debug|Any CPU.ActiveCfg = Debug|Any CPU
		{98B41F71-B6D2-4620-AE3A-C55FBA096D9B}.Debug|Any CPU.Build.0 = Debug|Any CPU
		{98B41F71-B6D2-4620-AE3A-C55FBA096D9B}.Release|Any CPU.ActiveCfg = Release|Any CPU
		{98B41F71-B6D2-4620-AE3A-C55FBA096D9B}.Release|Any CPU.Build.0 = Release|Any CPU
	EndGlobalSection
	GlobalSection(SolutionProperties) = preSolution
		HideSolutionNode = FALSE
	EndGlobalSection
	GlobalSection(ExtensibilityGlobals) = postSolution
		SolutionGuid = {EF49387C-7E87-42E5-A6C0-55D80E3EAEAD}
	EndGlobalSection
EndGlobal
